{
  "name": "chat-demo",
  "version": "0.1.0",
  "lockfileVersion": 3,
  "requires": true,
  "packages": {
    "": {
      "name": "chat-demo",
      "version": "0.1.0",
      "dependencies": {
        "@testing-library/jest-dom": "^5.17.0",
        "@testing-library/react": "^13.4.0",
        "@testing-library/user-event": "^14.5.2",
        "lucide-react": "^0.263.1",
        "react": "^18.2.0",
        "react-dom": "^18.2.0",
        "react-scripts": "5.0.1",
        "web-vitals": "^2.1.4"
      },
      "devDependencies": {
        "autoprefixer": "^10.4.16",
        "gh-pages": "^6.1.1",
        "postcss": "^8.4.31",
        "tailwindcss": "^3.3.5"
      }
    },
    "node_modules/@testing-library/jest-dom": {
      "version": "5.17.0",
      "resolved": "https://registry.npmjs.org/@testing-library/jest-dom/-/jest-dom-5.17.0.tgz",
      "integrity": "sha512-HnojmXAd3y1LrSv6OGdSMGGELGUdx3xKJQfqJPoLIrl7VGGriaEFCKfZGlFoTVXyJEuU3iSRJ+1OWgdB5JHLzQ=="
    },
    "node_modules/@testing-library/react": {
      "version": "13.4.0",
      "resolved": "https://registry.npmjs.org/@testing-library/react/-/react-13.4.0.tgz",
      "integrity": "sha512-aYsGTuDVTjQ4kB2TN7VILQjsxJNaBvkL6LCPIHEJm7KrRW3jSf5u2YvGLV00KTD1bYwLjz8V7ERk+K9NdBQ8Jg=="
    },
    "node_modules/@testing-library/user-event": {
      "version": "14.5.2",
      "resolved": "https://registry.npmjs.org/@testing-library/user-event/-/user-event-14.5.2.tgz",
      "integrity": "sha512-YAh82Wh4TIrxYLmfGcixwD18oIjyC1pFQC2Y01F2lzV2HTMiYrI0nze0FD0ocB//CKS/7jIUgae+adPqxK5yCQ=="
    },
    "node_modules/lucide-react": {
      "version": "0.263.1",
      "resolved": "https://registry.npmjs.org/lucide-react/-/lucide-react-0.263.1.tgz",
      "integrity": "sha512-KhyRAJfIhpTSJf9sD8dYcIwJKcO+2sRyJ9MfbLsHdJF8pQsGnG1GGBJBnwY8xX/VvCy7IhKlhqkz7WCN8UZ9wg=="
    },
    "node_modules/react": {
      "version": "18.2.0",
      "resolved": "https://registry.npmjs.org/react/-/react-18.2.0.tgz",
      "integrity": "sha512-/3IjMdb2L9QbBdWiW5e3P2/npwMBaU9mHCSCUzNln0ZCYbcfTsGbTJrU/kGemdH2IWmB2ioZ+zkxtmq6g09fGQ=="
    },
    "node_modules/react-dom": {
      "version": "18.2.0",
      "resolved": "https://registry.npmjs.org/react-dom/-/react-dom-18.2.0.tgz",
      "integrity": "sha512-6IMTriUmvsjHUjNtEDudZfuDQUoWXVxKHhlEGSk81n4YFS+r/Kl99wXiwlVXtPBtJenozv2P+hxDsw9eA7Xo6g=="
    },
    "node_modules/react-scripts": {
      "version": "5.0.1",
      "resolved": "https://registry.npmjs.org/react-scripts/-/react-scripts-5.0.1.tgz",
      "integrity": "sha512-8VAmEm/ZAwQzJ+GOMLbBsTdDKOpuZh7RPs0UymvBR2vRk4iZWCskjbFnxqjrzoIvlNNRZ3QJFx6/qDSi6zSnaQ=="
    },
    "node_modules/web-vitals": {
      "version": "2.1.4",
      "resolved": "https://registry.npmjs.org/web-vitals/-/web-vitals-2.1.4.tgz",
      "integrity": "sha512-sVWcwhU5mX6crfI5Vd2dC4qchyTqxV8URinzt25XqVh+bHEPGH4C3NPrNionCP7Obx59wrYEbNlw4Z8sjALzZg=="
    },
    "node_modules/autoprefixer": {
      "version": "10.4.16",
      "resolved": "https://registry.npmjs.org/autoprefixer/-/autoprefixer-10.4.16.tgz",
      "integrity": "sha512-7vd3UC6xKp0HLfua5IjZlcXvGAGy7cBAXTg2lyQ/8WpNhd6SiZ8Be+xm3FyBSYJx5GKcpRCzBh7RH4/0dnY+uQ==",
      "dev": true
    },
    "node_modules/gh-pages": {
      "version": "6.1.1",
      "resolved": "https://registry.npmjs.org/gh-pages/-/gh-pages-6.1.1.tgz",
      "integrity": "sha512-upnohfjBwJ5WDa0iFJJHhqbKc5t+XH9k4j7xJ5BrKAL0/RP0Q+QtGDtBRj+YSRGxoUTjrzPf2WP4VeCFEA9rZg==",
      "dev": true
    },
    "node_modules/postcss": {
      "version": "8.4.31",
      "resolved": "https://registry.npmjs.org/postcss/-/postcss-8.4.31.tgz",
      "integrity": "sha512-PS08Iboia9mts/2ygV3eLpY5ghnUcfLV/EXTOW1E2qYxJKGGBUtNjN76FYHnMs36RmARn41bC0AZmn+rR0OVpQ==",
      "dev": true
    },
    "node_modules/tailwindcss": {
      "version": "3.3.5",
      "resolved": "https://registry.npmjs.org/tailwindcss/-/tailwindcss-3.3.5.tgz",
      "integrity": "sha512-5SEZU4J7pxZgSkv7FP1zY8i2TIAOooNZ1e/Ttk5LkEISG7zw3+tTMZCF6wzC0RN5+G0gqHX+HGKwq4VH7xreAw==",
      "dev": true
    }
  }
}